
Microsoft Visual Studio Solution File, Format Version 12.00
# Visual Studio Version 16
VisualStudioVersion = 16.0.30002.166
MinimumVisualStudioVersion = 10.0.40219.1
Project("{9A19103F-16F7-4668-BE54-9A1E7A4F7556}") = "API", "API\API.csproj", "{99B85C60-182C-4760-9632-453E80CC78D6}"
EndProject
Project("{FAE04EC0-301F-11D3-BF4B-00C04F79EFBC}") = "Core", "Core\Core.csproj", "{E7C852F9-B9C7-489B-9875-0B762E7C415E}"
EndProject
Project("{FAE04EC0-301F-11D3-BF4B-00C04F79EFBC}") = "Infrastructure", "Infrastructure\Infrastructure.csproj", "{48F2FF15-975C-400D-96FD-ADA92F082908}"
EndProject
Global
	GlobalSection(SolutionConfigurationPlatforms) = preSolution
		Debug|Any CPU = Debug|Any CPU
		Release|Any CPU = Release|Any CPU
	EndGlobalSection
	GlobalSection(ProjectConfigurationPlatforms) = postSolution
		{99B85C60-182C-4760-9632-453E80CC78D6}.Debug|Any CPU.ActiveCfg = Debug|Any CPU
		{99B85C60-182C-4760-9632-453E80CC78D6}.Debug|Any CPU.Build.0 = Debug|Any CPU
		{99B85C60-182C-4760-9632-453E80CC78D6}.Release|Any CPU.ActiveCfg = Release|Any CPU
		{99B85C60-182C-4760-9632-453E80CC78D6}.Release|Any CPU.Build.0 = Release|Any CPU
		{E7C852F9-B9C7-489B-9875-0B762E7C415E}.Debug|Any CPU.ActiveCfg = Debug|Any CPU
		{E7C852F9-B9C7-489B-9875-0B762E7C415E}.Debug|Any CPU.Build.0 = Debug|Any CPU
		{E7C852F9-B9C7-489B-9875-0B762E7C415E}.Release|Any CPU.ActiveCfg = Release|Any CPU
		{E7C852F9-B9C7-489B-9875-0B762E7C415E}.Release|Any CPU.Build.0 = Release|Any CPU
		{48F2FF15-975C-400D-96FD-ADA92F082908}.Debug|Any CPU.ActiveCfg = Debug|Any CPU
		{48F2FF15-975C-400D-96FD-ADA92F082908}.Debug|Any CPU.Build.0 = Debug|Any CPU
		{48F2FF15-975C-400D-96FD-ADA92F082908}.Release|Any CPU.ActiveCfg = Release|Any CPU
		{48F2FF15-975C-400D-96FD-ADA92F082908}.Release|Any CPU.Build.0 = Release|Any CPU
	EndGlobalSection
	GlobalSection(SolutionProperties) = preSolution
		HideSolutionNode = FALSE
	EndGlobalSection
	GlobalSection(ExtensibilityGlobals) = postSolution
		SolutionGuid = {B7A2D4E2-A0D7-4DAE-8ACC-793D977E516B}
	EndGlobalSection
EndGlobal
